
Microsoft Visual Studio Solution File, Format Version 12.00
# Visual Studio Version 16
VisualStudioVersion = 16.0.31129.286
MinimumVisualStudioVersion = 10.0.40219.1
Project("{FAE04EC0-301F-11D3-BF4B-00C04F79EFBC}") = "Logic", "B21_Ex05\Logic.csproj", "{D666C14A-4797-457F-8700-7CB49EA3AF22}"
EndProject
Project("{FAE04EC0-301F-11D3-BF4B-00C04F79EFBC}") = "Ui", "Ui\Ui.csproj", "{0696F14B-C7C7-4099-8768-3DD8AB42C011}"
EndProject
Project("{2150E333-8FDC-42A3-9474-1A3956D46DE8}") = "Solution Items", "Solution Items", "{EF004E5C-32FA-4A59-8A9F-312F368A5736}"
	ProjectSection(SolutionItems) = preProject
		TextFile1.txt = TextFile1.txt
	EndProjectSection
EndProject
Global
	GlobalSection(SolutionConfigurationPlatforms) = preSolution
		Debug|Any CPU = Debug|Any CPU
		Release|Any CPU = Release|Any CPU
	EndGlobalSection
	GlobalSection(ProjectConfigurationPlatforms) = postSolution
		{D666C14A-4797-457F-8700-7CB49EA3AF22}.Debug|Any CPU.ActiveCfg = Debug|Any CPU
		{D666C14A-4797-457F-8700-7CB49EA3AF22}.Debug|Any CPU.Build.0 = Debug|Any CPU
		{D666C14A-4797-457F-8700-7CB49EA3AF22}.Release|Any CPU.ActiveCfg = Release|Any CPU
		{D666C14A-4797-457F-8700-7CB49EA3AF22}.Release|Any CPU.Build.0 = Release|Any CPU
		{0696F14B-C7C7-4099-8768-3DD8AB42C011}.Debug|Any CPU.ActiveCfg = Debug|Any CPU
		{0696F14B-C7C7-4099-8768-3DD8AB42C011}.Debug|Any CPU.Build.0 = Debug|Any CPU
		{0696F14B-C7C7-4099-8768-3DD8AB42C011}.Release|Any CPU.ActiveCfg = Release|Any CPU
		{0696F14B-C7C7-4099-8768-3DD8AB42C011}.Release|Any CPU.Build.0 = Release|Any CPU
	EndGlobalSection
	GlobalSection(SolutionProperties) = preSolution
		HideSolutionNode = FALSE
	EndGlobalSection
	GlobalSection(ExtensibilityGlobals) = postSolution
		SolutionGuid = {0C173029-85AC-4899-AC68-5F59E1439EE4}
	EndGlobalSection
EndGlobal
